
Microsoft Visual Studio Solution File, Format Version 12.00
# Visual Studio Version 16
VisualStudioVersion = 16.0.31911.196
MinimumVisualStudioVersion = 10.0.40219.1
Project("{9A19103F-16F7-4668-BE54-9A1E7A4F7556}") = "Ex01", "Ex01\Ex01.csproj", "{5542D93D-0256-4996-A839-DB80D8596E9F}"
EndProject
Project("{9A19103F-16F7-4668-BE54-9A1E7A4F7556}") = "Ex02", "Ex02\Ex02.csproj", "{9413C43B-B0C3-44F2-B493-BEF504C6E93A}"
EndProject
Project("{9A19103F-16F7-4668-BE54-9A1E7A4F7556}") = "Ex03", "Ex03\Ex03.csproj", "{E6D95A87-CE76-4D51-AC27-FDFAE29545AE}"
EndProject
Project("{9A19103F-16F7-4668-BE54-9A1E7A4F7556}") = "Ex04", "Ex04\Ex04.csproj", "{5CBC2009-415C-4F15-AD70-D603C4F8B099}"
EndProject
Project("{9A19103F-16F7-4668-BE54-9A1E7A4F7556}") = "Ex05", "Ex05\Ex05.csproj", "{0F65F0BE-B87B-4FFE-8EF0-A3D2F4DE4CDD}"
EndProject
Project("{9A19103F-16F7-4668-BE54-9A1E7A4F7556}") = "Ex06", "Ex06\Ex06.csproj", "{3421F512-028C-41BF-B05F-0B0553A6B93D}"
EndProject
Project("{9A19103F-16F7-4668-BE54-9A1E7A4F7556}") = "Ex07", "Ex07\Ex07.csproj", "{80FE7F3A-6BBB-4E85-9FF3-EDC22F3B2E36}"
EndProject
Project("{9A19103F-16F7-4668-BE54-9A1E7A4F7556}") = "Ex08", "Ex08\Ex08.csproj", "{4D1ABC58-ED4D-4287-95D5-F6DB200D3F32}"
EndProject
Project("{9A19103F-16F7-4668-BE54-9A1E7A4F7556}") = "Ex09", "Ex09\Ex09.csproj", "{32FCDF99-54CD-43DC-A10B-8C9C6041CE70}"
EndProject
Project("{9A19103F-16F7-4668-BE54-9A1E7A4F7556}") = "Ex10", "Ex10\Ex10.csproj", "{3DB4CADE-F1F6-45BE-9F88-2D4F4CC21D99}"
EndProject
Project("{9A19103F-16F7-4668-BE54-9A1E7A4F7556}") = "Ex11", "Ex11\Ex11.csproj", "{717B824B-7E72-40B8-B8D7-1281D4E9F798}"
EndProject
Project("{9A19103F-16F7-4668-BE54-9A1E7A4F7556}") = "Ex12", "Ex12\Ex12.csproj", "{CE895BC9-025B-46EC-A5EC-4188D59C4B93}"
EndProject
Project("{9A19103F-16F7-4668-BE54-9A1E7A4F7556}") = "Ex13", "Ex13\Ex13.csproj", "{E6B012B1-1899-4DA6-94B4-E7FA25471307}"
EndProject
Project("{9A19103F-16F7-4668-BE54-9A1E7A4F7556}") = "Ex14", "Ex14\Ex14.csproj", "{6397D649-0219-4A08-9FC2-75321240BC4C}"
EndProject
Project("{9A19103F-16F7-4668-BE54-9A1E7A4F7556}") = "Ex15", "Ex15\Ex15.csproj", "{7C023A9F-0E90-41B9-AADD-4B955794C9B4}"
EndProject
Project("{FAE04EC0-301F-11D3-BF4B-00C04F79EFBC}") = "Ex16", "Ex16\Ex16.csproj", "{6749D7A1-33C2-49ED-9E6B-C96A393E45F9}"
EndProject
Project("{FAE04EC0-301F-11D3-BF4B-00C04F79EFBC}") = "Ex17", "Ex17\Ex17.csproj", "{18C497F0-1C20-4C75-92BD-6D6270748D72}"
EndProject
Global
	GlobalSection(SolutionConfigurationPlatforms) = preSolution
		Debug|Any CPU = Debug|Any CPU
		Release|Any CPU = Release|Any CPU
	EndGlobalSection
	GlobalSection(ProjectConfigurationPlatforms) = postSolution
		{5542D93D-0256-4996-A839-DB80D8596E9F}.Debug|Any CPU.ActiveCfg = Debug|Any CPU
		{5542D93D-0256-4996-A839-DB80D8596E9F}.Debug|Any CPU.Build.0 = Debug|Any CPU
		{5542D93D-0256-4996-A839-DB80D8596E9F}.Release|Any CPU.ActiveCfg = Release|Any CPU
		{5542D93D-0256-4996-A839-DB80D8596E9F}.Release|Any CPU.Build.0 = Release|Any CPU
		{9413C43B-B0C3-44F2-B493-BEF504C6E93A}.Debug|Any CPU.ActiveCfg = Debug|Any CPU
		{9413C43B-B0C3-44F2-B493-BEF504C6E93A}.Debug|Any CPU.Build.0 = Debug|Any CPU
		{9413C43B-B0C3-44F2-B493-BEF504C6E93A}.Release|Any CPU.ActiveCfg = Release|Any CPU
		{9413C43B-B0C3-44F2-B493-BEF504C6E93A}.Release|Any CPU.Build.0 = Release|Any CPU
		{E6D95A87-CE76-4D51-AC27-FDFAE29545AE}.Debug|Any CPU.ActiveCfg = Debug|Any CPU
		{E6D95A87-CE76-4D51-AC27-FDFAE29545AE}.Debug|Any CPU.Build.0 = Debug|Any CPU
		{E6D95A87-CE76-4D51-AC27-FDFAE29545AE}.Release|Any CPU.ActiveCfg = Release|Any CPU
		{E6D95A87-CE76-4D51-AC27-FDFAE29545AE}.Release|Any CPU.Build.0 = Release|Any CPU
		{5CBC2009-415C-4F15-AD70-D603C4F8B099}.Debug|Any CPU.ActiveCfg = Debug|Any CPU
		{5CBC2009-415C-4F15-AD70-D603C4F8B099}.Debug|Any CPU.Build.0 = Debug|Any CPU
		{5CBC2009-415C-4F15-AD70-D603C4F8B099}.Release|Any CPU.ActiveCfg = Release|Any CPU
		{5CBC2009-415C-4F15-AD70-D603C4F8B099}.Release|Any CPU.Build.0 = Release|Any CPU
		{0F65F0BE-B87B-4FFE-8EF0-A3D2F4DE4CDD}.Debug|Any CPU.ActiveCfg = Debug|Any CPU
		{0F65F0BE-B87B-4FFE-8EF0-A3D2F4DE4CDD}.Debug|Any CPU.Build.0 = Debug|Any CPU
		{0F65F0BE-B87B-4FFE-8EF0-A3D2F4DE4CDD}.Release|Any CPU.ActiveCfg = Release|Any CPU
		{0F65F0BE-B87B-4FFE-8EF0-A3D2F4DE4CDD}.Release|Any CPU.Build.0 = Release|Any CPU
		{3421F512-028C-41BF-B05F-0B0553A6B93D}.Debug|Any CPU.ActiveCfg = Debug|Any CPU
		{3421F512-028C-41BF-B05F-0B0553A6B93D}.Debug|Any CPU.Build.0 = Debug|Any CPU
		{3421F512-028C-41BF-B05F-0B0553A6B93D}.Release|Any CPU.ActiveCfg = Release|Any CPU
		{3421F512-028C-41BF-B05F-0B0553A6B93D}.Release|Any CPU.Build.0 = Release|Any CPU
		{80FE7F3A-6BBB-4E85-9FF3-EDC22F3B2E36}.Debug|Any CPU.ActiveCfg = Debug|Any CPU
		{80FE7F3A-6BBB-4E85-9FF3-EDC22F3B2E36}.Debug|Any CPU.Build.0 = Debug|Any CPU
		{80FE7F3A-6BBB-4E85-9FF3-EDC22F3B2E36}.Release|Any CPU.ActiveCfg = Release|Any CPU
		{80FE7F3A-6BBB-4E85-9FF3-EDC22F3B2E36}.Release|Any CPU.Build.0 = Release|Any CPU
		{4D1ABC58-ED4D-4287-95D5-F6DB200D3F32}.Debug|Any CPU.ActiveCfg = Debug|Any CPU
		{4D1ABC58-ED4D-4287-95D5-F6DB200D3F32}.Debug|Any CPU.Build.0 = Debug|Any CPU
		{4D1ABC58-ED4D-4287-95D5-F6DB200D3F32}.Release|Any CPU.ActiveCfg = Release|Any CPU
		{4D1ABC58-ED4D-4287-95D5-F6DB200D3F32}.Release|Any CPU.Build.0 = Release|Any CPU
		{32FCDF99-54CD-43DC-A10B-8C9C6041CE70}.Debug|Any CPU.ActiveCfg = Debug|Any CPU
		{32FCDF99-54CD-43DC-A10B-8C9C6041CE70}.Debug|Any CPU.Build.0 = Debug|Any CPU
		{32FCDF99-54CD-43DC-A10B-8C9C6041CE70}.Release|Any CPU.ActiveCfg = Release|Any CPU
		{32FCDF99-54CD-43DC-A10B-8C9C6041CE70}.Release|Any CPU.Build.0 = Release|Any CPU
		{3DB4CADE-F1F6-45BE-9F88-2D4F4CC21D99}.Debug|Any CPU.ActiveCfg = Debug|Any CPU
		{3DB4CADE-F1F6-45BE-9F88-2D4F4CC21D99}.Debug|Any CPU.Build.0 = Debug|Any CPU
		{3DB4CADE-F1F6-45BE-9F88-2D4F4CC21D99}.Release|Any CPU.ActiveCfg = Release|Any CPU
		{3DB4CADE-F1F6-45BE-9F88-2D4F4CC21D99}.Release|Any CPU.Build.0 = Release|Any CPU
		{717B824B-7E72-40B8-B8D7-1281D4E9F798}.Debug|Any CPU.ActiveCfg = Debug|Any CPU
		{717B824B-7E72-40B8-B8D7-1281D4E9F798}.Debug|Any CPU.Build.0 = Debug|Any CPU
		{717B824B-7E72-40B8-B8D7-1281D4E9F798}.Release|Any CPU.ActiveCfg = Release|Any CPU
		{717B824B-7E72-40B8-B8D7-1281D4E9F798}.Release|Any CPU.Build.0 = Release|Any CPU
		{CE895BC9-025B-46EC-A5EC-4188D59C4B93}.Debug|Any CPU.ActiveCfg = Debug|Any CPU
		{CE895BC9-025B-46EC-A5EC-4188D59C4B93}.Debug|Any CPU.Build.0 = Debug|Any CPU
		{CE895BC9-025B-46EC-A5EC-4188D59C4B93}.Release|Any CPU.ActiveCfg = Release|Any CPU
		{CE895BC9-025B-46EC-A5EC-4188D59C4B93}.Release|Any CPU.Build.0 = Release|Any CPU
		{E6B012B1-1899-4DA6-94B4-E7FA25471307}.Debug|Any CPU.ActiveCfg = Debug|Any CPU
		{E6B012B1-1899-4DA6-94B4-E7FA25471307}.Debug|Any CPU.Build.0 = Debug|Any CPU
		{E6B012B1-1899-4DA6-94B4-E7FA25471307}.Release|Any CPU.ActiveCfg = Release|Any CPU
		{E6B012B1-1899-4DA6-94B4-E7FA25471307}.Release|Any CPU.Build.0 = Release|Any CPU
		{6397D649-0219-4A08-9FC2-75321240BC4C}.Debug|Any CPU.ActiveCfg = Debug|Any CPU
		{6397D649-0219-4A08-9FC2-75321240BC4C}.Debug|Any CPU.Build.0 = Debug|Any CPU
		{6397D649-0219-4A08-9FC2-75321240BC4C}.Release|Any CPU.ActiveCfg = Release|Any CPU
		{6397D649-0219-4A08-9FC2-75321240BC4C}.Release|Any CPU.Build.0 = Release|Any CPU
		{7C023A9F-0E90-41B9-AADD-4B955794C9B4}.Debug|Any CPU.ActiveCfg = Debug|Any CPU
		{7C023A9F-0E90-41B9-AADD-4B955794C9B4}.Debug|Any CPU.Build.0 = Debug|Any CPU
		{7C023A9F-0E90-41B9-AADD-4B955794C9B4}.Release|Any CPU.ActiveCfg = Release|Any CPU
		{7C023A9F-0E90-41B9-AADD-4B955794C9B4}.Release|Any CPU.Build.0 = Release|Any CPU
		{6749D7A1-33C2-49ED-9E6B-C96A393E45F9}.Debug|Any CPU.ActiveCfg = Debug|Any CPU
		{6749D7A1-33C2-49ED-9E6B-C96A393E45F9}.Debug|Any CPU.Build.0 = Debug|Any CPU
		{6749D7A1-33C2-49ED-9E6B-C96A393E45F9}.Release|Any CPU.ActiveCfg = Release|Any CPU
		{6749D7A1-33C2-49ED-9E6B-C96A393E45F9}.Release|Any CPU.Build.0 = Release|Any CPU
		{18C497F0-1C20-4C75-92BD-6D6270748D72}.Debug|Any CPU.ActiveCfg = Debug|Any CPU
		{18C497F0-1C20-4C75-92BD-6D6270748D72}.Debug|Any CPU.Build.0 = Debug|Any CPU
		{18C497F0-1C20-4C75-92BD-6D6270748D72}.Release|Any CPU.ActiveCfg = Release|Any CPU
		{18C497F0-1C20-4C75-92BD-6D6270748D72}.Release|Any CPU.Build.0 = Release|Any CPU
	EndGlobalSection
	GlobalSection(SolutionProperties) = preSolution
		HideSolutionNode = FALSE
	EndGlobalSection
	GlobalSection(ExtensibilityGlobals) = postSolution
		SolutionGuid = {C3FF0BFF-A3B3-4FC4-B3A7-1599DAA73C30}
	EndGlobalSection
EndGlobal
